
Microsoft Visual Studio Solution File, Format Version 12.00
# Visual Studio 15
VisualStudioVersion = 15.0.26124.0
MinimumVisualStudioVersion = 15.0.26124.0
Project("{FAE04EC0-301F-11D3-BF4B-00C04F79EFBC}") = "social-media.API", "social-media.API\social-media.API.csproj", "{AE84C7D4-784F-4F7A-8C11-A067F273C649}"
EndProject
Project("{FAE04EC0-301F-11D3-BF4B-00C04F79EFBC}") = "social-media.CORE", "social-media.CORE\social-media.CORE.csproj", "{0D827E18-F3EC-4E6D-9F4E-DE574195E206}"
EndProject
Project("{FAE04EC0-301F-11D3-BF4B-00C04F79EFBC}") = "social-media.INFRASTRUCTURE", "social-media.INFRASTRUCTURE\social-media.INFRASTRUCTURE.csproj", "{87A1391A-25E2-4F32-89A4-7F0BC236F3F5}"
EndProject
Global
	GlobalSection(SolutionConfigurationPlatforms) = preSolution
		Debug|Any CPU = Debug|Any CPU
		Debug|x64 = Debug|x64
		Debug|x86 = Debug|x86
		Release|Any CPU = Release|Any CPU
		Release|x64 = Release|x64
		Release|x86 = Release|x86
	EndGlobalSection
	GlobalSection(SolutionProperties) = preSolution
		HideSolutionNode = FALSE
	EndGlobalSection
	GlobalSection(ProjectConfigurationPlatforms) = postSolution
		{AE84C7D4-784F-4F7A-8C11-A067F273C649}.Debug|Any CPU.ActiveCfg = Debug|Any CPU
		{AE84C7D4-784F-4F7A-8C11-A067F273C649}.Debug|Any CPU.Build.0 = Debug|Any CPU
		{AE84C7D4-784F-4F7A-8C11-A067F273C649}.Debug|x64.ActiveCfg = Debug|Any CPU
		{AE84C7D4-784F-4F7A-8C11-A067F273C649}.Debug|x64.Build.0 = Debug|Any CPU
		{AE84C7D4-784F-4F7A-8C11-A067F273C649}.Debug|x86.ActiveCfg = Debug|Any CPU
		{AE84C7D4-784F-4F7A-8C11-A067F273C649}.Debug|x86.Build.0 = Debug|Any CPU
		{AE84C7D4-784F-4F7A-8C11-A067F273C649}.Release|Any CPU.ActiveCfg = Release|Any CPU
		{AE84C7D4-784F-4F7A-8C11-A067F273C649}.Release|Any CPU.Build.0 = Release|Any CPU
		{AE84C7D4-784F-4F7A-8C11-A067F273C649}.Release|x64.ActiveCfg = Release|Any CPU
		{AE84C7D4-784F-4F7A-8C11-A067F273C649}.Release|x64.Build.0 = Release|Any CPU
		{AE84C7D4-784F-4F7A-8C11-A067F273C649}.Release|x86.ActiveCfg = Release|Any CPU
		{AE84C7D4-784F-4F7A-8C11-A067F273C649}.Release|x86.Build.0 = Release|Any CPU
		{0D827E18-F3EC-4E6D-9F4E-DE574195E206}.Debug|Any CPU.ActiveCfg = Debug|Any CPU
		{0D827E18-F3EC-4E6D-9F4E-DE574195E206}.Debug|Any CPU.Build.0 = Debug|Any CPU
		{0D827E18-F3EC-4E6D-9F4E-DE574195E206}.Debug|x64.ActiveCfg = Debug|Any CPU
		{0D827E18-F3EC-4E6D-9F4E-DE574195E206}.Debug|x64.Build.0 = Debug|Any CPU
		{0D827E18-F3EC-4E6D-9F4E-DE574195E206}.Debug|x86.ActiveCfg = Debug|Any CPU
		{0D827E18-F3EC-4E6D-9F4E-DE574195E206}.Debug|x86.Build.0 = Debug|Any CPU
		{0D827E18-F3EC-4E6D-9F4E-DE574195E206}.Release|Any CPU.ActiveCfg = Release|Any CPU
		{0D827E18-F3EC-4E6D-9F4E-DE574195E206}.Release|Any CPU.Build.0 = Release|Any CPU
		{0D827E18-F3EC-4E6D-9F4E-DE574195E206}.Release|x64.ActiveCfg = Release|Any CPU
		{0D827E18-F3EC-4E6D-9F4E-DE574195E206}.Release|x64.Build.0 = Release|Any CPU
		{0D827E18-F3EC-4E6D-9F4E-DE574195E206}.Release|x86.ActiveCfg = Release|Any CPU
		{0D827E18-F3EC-4E6D-9F4E-DE574195E206}.Release|x86.Build.0 = Release|Any CPU
		{87A1391A-25E2-4F32-89A4-7F0BC236F3F5}.Debug|Any CPU.ActiveCfg = Debug|Any CPU
		{87A1391A-25E2-4F32-89A4-7F0BC236F3F5}.Debug|Any CPU.Build.0 = Debug|Any CPU
		{87A1391A-25E2-4F32-89A4-7F0BC236F3F5}.Debug|x64.ActiveCfg = Debug|Any CPU
		{87A1391A-25E2-4F32-89A4-7F0BC236F3F5}.Debug|x64.Build.0 = Debug|Any CPU
		{87A1391A-25E2-4F32-89A4-7F0BC236F3F5}.Debug|x86.ActiveCfg = Debug|Any CPU
		{87A1391A-25E2-4F32-89A4-7F0BC236F3F5}.Debug|x86.Build.0 = Debug|Any CPU
		{87A1391A-25E2-4F32-89A4-7F0BC236F3F5}.Release|Any CPU.ActiveCfg = Release|Any CPU
		{87A1391A-25E2-4F32-89A4-7F0BC236F3F5}.Release|Any CPU.Build.0 = Release|Any CPU
		{87A1391A-25E2-4F32-89A4-7F0BC236F3F5}.Release|x64.ActiveCfg = Release|Any CPU
		{87A1391A-25E2-4F32-89A4-7F0BC236F3F5}.Release|x64.Build.0 = Release|Any CPU
		{87A1391A-25E2-4F32-89A4-7F0BC236F3F5}.Release|x86.ActiveCfg = Release|Any CPU
		{87A1391A-25E2-4F32-89A4-7F0BC236F3F5}.Release|x86.Build.0 = Release|Any CPU
	EndGlobalSection
EndGlobal
